
Microsoft Visual Studio Solution File, Format Version 12.00
# Visual Studio 15
VisualStudioVersion = 15.0.28010.2026
MinimumVisualStudioVersion = 10.0.40219.1
Project("{FAE04EC0-301F-11D3-BF4B-00C04F79EFBC}") = "Ghorbani_Tools", "Ghorbani_Tools.csproj", "{EBF0F8B0-346B-400B-A586-18724EB2C38F}"
EndProject
Global
	GlobalSection(SolutionConfigurationPlatforms) = preSolution
		Debug|Any CPU = Debug|Any CPU
		Release|Any CPU = Release|Any CPU
	EndGlobalSection
	GlobalSection(ProjectConfigurationPlatforms) = postSolution
		{EBF0F8B0-346B-400B-A586-18724EB2C38F}.Debug|Any CPU.ActiveCfg = Debug|Any CPU
		{EBF0F8B0-346B-400B-A586-18724EB2C38F}.Debug|Any CPU.Build.0 = Debug|Any CPU
		{EBF0F8B0-346B-400B-A586-18724EB2C38F}.Release|Any CPU.ActiveCfg = Release|Any CPU
		{EBF0F8B0-346B-400B-A586-18724EB2C38F}.Release|Any CPU.Build.0 = Release|Any CPU
	EndGlobalSection
	GlobalSection(SolutionProperties) = preSolution
		HideSolutionNode = FALSE
	EndGlobalSection
	GlobalSection(ExtensibilityGlobals) = postSolution
		SolutionGuid = {ADD2B99D-73CB-4737-9FF0-1BB65D8EA288}
	EndGlobalSection
EndGlobal
